// !$*UTF8*$!
{
	archiveVersion = 1;
	classes = {
	};
	objectVersion = 56;
	objects = {

/* Begin PBXBuildFile section */
		843959192BD7A200000F2156 /* HMS_MainApp.swift in Sources */ = {isa = PBXBuildFile; fileRef = 843959182BD7A200000F2156 /* HMS_MainApp.swift */; };
		8439591B2BD7A200000F2156 /* ContentView.swift in Sources */ = {isa = PBXBuildFile; fileRef = 8439591A2BD7A200000F2156 /* ContentView.swift */; };
		8439591D2BD7A200000F2156 /* Assets.xcassets in Resources */ = {isa = PBXBuildFile; fileRef = 8439591C2BD7A200000F2156 /* Assets.xcassets */; };
		843959202BD7A200000F2156 /* Preview Assets.xcassets in Resources */ = {isa = PBXBuildFile; fileRef = 8439591F2BD7A200000F2156 /* Preview Assets.xcassets */; };
		8439592A2BD7A201000F2156 /* HMS_MainTests.swift in Sources */ = {isa = PBXBuildFile; fileRef = 843959292BD7A201000F2156 /* HMS_MainTests.swift */; };
		843959342BD7A201000F2156 /* HMS_MainUITests.swift in Sources */ = {isa = PBXBuildFile; fileRef = 843959332BD7A201000F2156 /* HMS_MainUITests.swift */; };
		843959362BD7A201000F2156 /* HMS_MainUITestsLaunchTests.swift in Sources */ = {isa = PBXBuildFile; fileRef = 843959352BD7A201000F2156 /* HMS_MainUITestsLaunchTests.swift */; };
/* End PBXBuildFile section */

/* Begin PBXContainerItemProxy section */
		843959262BD7A201000F2156 /* PBXContainerItemProxy */ = {
			isa = PBXContainerItemProxy;
			containerPortal = 8439590D2BD7A200000F2156 /* Project object */;
			proxyType = 1;
			remoteGlobalIDString = 843959142BD7A200000F2156;
			remoteInfo = HMS_Main;
		};
		843959302BD7A201000F2156 /* PBXContainerItemProxy */ = {
			isa = PBXContainerItemProxy;
			containerPortal = 8439590D2BD7A200000F2156 /* Project object */;
			proxyType = 1;
			remoteGlobalIDString = 843959142BD7A200000F2156;
			remoteInfo = HMS_Main;
		};
/* End PBXContainerItemProxy section */

/* Begin PBXFileReference section */
		843959152BD7A200000F2156 /* HMS_Main.app */ = {isa = PBXFileReference; explicitFileType = wrapper.application; includeInIndex = 0; path = HMS_Main.app; sourceTree = BUILT_PRODUCTS_DIR; };
		843959182BD7A200000F2156 /* HMS_MainApp.swift */ = {isa = PBXFileReference; lastKnownFileType = sourcecode.swift; path = HMS_MainApp.swift; sourceTree = "<group>"; };
		8439591A2BD7A200000F2156 /* ContentView.swift */ = {isa = PBXFileReference; lastKnownFileType = sourcecode.swift; path = ContentView.swift; sourceTree = "<group>"; };
		8439591C2BD7A200000F2156 /* Assets.xcassets */ = {isa = PBXFileReference; lastKnownFileType = folder.assetcatalog; path = Assets.xcassets; sourceTree = "<group>"; };
		8439591F2BD7A200000F2156 /* Preview Assets.xcassets */ = {isa = PBXFileReference; lastKnownFileType = folder.assetcatalog; path = "Preview Assets.xcassets"; sourceTree = "<group>"; };
		843959252BD7A201000F2156 /* HMS_MainTests.xctest */ = {isa = PBXFileReference; explicitFileType = wrapper.cfbundle; includeInIndex = 0; path = HMS_MainTests.xctest; sourceTree = BUILT_PRODUCTS_DIR; };
		843959292BD7A201000F2156 /* HMS_MainTests.swift */ = {isa = PBXFileReference; lastKnownFileType = sourcecode.swift; path = HMS_MainTests.swift; sourceTree = "<group>"; };
		8439592F2BD7A201000F2156 /* HMS_MainUITests.xctest */ = {isa = PBXFileReference; explicitFileType = wrapper.cfbundle; includeInIndex = 0; path = HMS_MainUITests.xctest; sourceTree = BUILT_PRODUCTS_DIR; };
		843959332BD7A201000F2156 /* HMS_MainUITests.swift */ = {isa = PBXFileReference; lastKnownFileType = sourcecode.swift; path = HMS_MainUITests.swift; sourceTree = "<group>"; };
		843959352BD7A201000F2156 /* HMS_MainUITestsLaunchTests.swift */ = {isa = PBXFileReference; lastKnownFileType = sourcecode.swift; path = HMS_MainUITestsLaunchTests.swift; sourceTree = "<group>"; };
/* End PBXFileReference section */

/* Begin PBXFrameworksBuildPhase section */
		843959122BD7A200000F2156 /* Frameworks */ = {
			isa = PBXFrameworksBuildPhase;
			buildActionMask = 2147483647;
			files = (
			);
			runOnlyForDeploymentPostprocessing = 0;
		};
		843959222BD7A201000F2156 /* Frameworks */ = {
			isa = PBXFrameworksBuildPhase;
			buildActionMask = 2147483647;
			files = (
			);
			runOnlyForDeploymentPostprocessing = 0;
		};
		8439592C2BD7A201000F2156 /* Frameworks */ = {
			isa = PBXFrameworksBuildPhase;
			buildActionMask = 2147483647;
			files = (
			);
			runOnlyForDeploymentPostprocessing = 0;
		};
/* End PBXFrameworksBuildPhase section */

/* Begin PBXGroup section */
		8439590C2BD7A200000F2156 = {
			isa = PBXGroup;
			children = (
				843959172BD7A200000F2156 /* HMS_Main */,
				843959282BD7A201000F2156 /* HMS_MainTests */,
				843959322BD7A201000F2156 /* HMS_MainUITests */,
				843959162BD7A200000F2156 /* Products */,
			);
			sourceTree = "<group>";
		};
		843959162BD7A200000F2156 /* Products */ = {
			isa = PBXGroup;
			children = (
				843959152BD7A200000F2156 /* HMS_Main.app */,
				843959252BD7A201000F2156 /* HMS_MainTests.xctest */,
				8439592F2BD7A201000F2156 /* HMS_MainUITests.xctest */,
			);
			name = Products;
			sourceTree = "<group>";
		};
		843959172BD7A200000F2156 /* HMS_Main */ = {
			isa = PBXGroup;
			children = (
				843959182BD7A200000F2156 /* HMS_MainApp.swift */,
				8439591A2BD7A200000F2156 /* ContentView.swift */,
				8439591C2BD7A200000F2156 /* Assets.xcassets */,
				8439591E2BD7A200000F2156 /* Preview Content */,
			);
			path = HMS_Main;
			sourceTree = "<group>";
		};
		8439591E2BD7A200000F2156 /* Preview Content */ = {
			isa = PBXGroup;
			children = (
				8439591F2BD7A200000F2156 /* Preview Assets.xcassets */,
			);
			path = "Preview Content";
			sourceTree = "<group>";
		};
		843959282BD7A201000F2156 /* HMS_MainTests */ = {
			isa = PBXGroup;
			children = (
				843959292BD7A201000F2156 /* HMS_MainTests.swift */,
			);
			path = HMS_MainTests;
			sourceTree = "<group>";
		};
		843959322BD7A201000F2156 /* HMS_MainUITests */ = {
			isa = PBXGroup;
			children = (
				843959332BD7A201000F2156 /* HMS_MainUITests.swift */,
				843959352BD7A201000F2156 /* HMS_MainUITestsLaunchTests.swift */,
			);
			path = HMS_MainUITests;
			sourceTree = "<group>";
		};
/* End PBXGroup section */

/* Begin PBXNativeTarget section */
		843959142BD7A200000F2156 /* HMS_Main */ = {
			isa = PBXNativeTarget;
			buildConfigurationList = 843959392BD7A201000F2156 /* Build configuration list for PBXNativeTarget "HMS_Main" */;
			buildPhases = (
				843959112BD7A200000F2156 /* Sources */,
				843959122BD7A200000F2156 /* Frameworks */,
				843959132BD7A200000F2156 /* Resources */,
			);
			buildRules = (
			);
			dependencies = (
			);
			name = HMS_Main;
			productName = HMS_Main;
			productReference = 843959152BD7A200000F2156 /* HMS_Main.app */;
			productType = "com.apple.product-type.application";
		};
		843959242BD7A201000F2156 /* HMS_MainTests */ = {
			isa = PBXNativeTarget;
			buildConfigurationList = 8439593C2BD7A201000F2156 /* Build configuration list for PBXNativeTarget "HMS_MainTests" */;
			buildPhases = (
				843959212BD7A201000F2156 /* Sources */,
				843959222BD7A201000F2156 /* Frameworks */,
				843959232BD7A201000F2156 /* Resources */,
			);
			buildRules = (
			);
			dependencies = (
				843959272BD7A201000F2156 /* PBXTargetDependency */,
			);
			name = HMS_MainTests;
			productName = HMS_MainTests;
			productReference = 843959252BD7A201000F2156 /* HMS_MainTests.xctest */;
			productType = "com.apple.product-type.bundle.unit-test";
		};
		8439592E2BD7A201000F2156 /* HMS_MainUITests */ = {
			isa = PBXNativeTarget;
			buildConfigurationList = 8439593F2BD7A201000F2156 /* Build configuration list for PBXNativeTarget "HMS_MainUITests" */;
			buildPhases = (
				8439592B2BD7A201000F2156 /* Sources */,
				8439592C2BD7A201000F2156 /* Frameworks */,
				8439592D2BD7A201000F2156 /* Resources */,
			);
			buildRules = (
			);
			dependencies = (
				843959312BD7A201000F2156 /* PBXTargetDependency */,
			);
			name = HMS_MainUITests;
			productName = HMS_MainUITests;
			productReference = 8439592F2BD7A201000F2156 /* HMS_MainUITests.xctest */;
			productType = "com.apple.product-type.bundle.ui-testing";
		};
/* End PBXNativeTarget section */

/* Begin PBXProject section */
		8439590D2BD7A200000F2156 /* Project object */ = {
			isa = PBXProject;
			attributes = {
				BuildIndependentTargetsInParallel = 1;
				LastSwiftUpdateCheck = 1530;
				LastUpgradeCheck = 1530;
				TargetAttributes = {
					843959142BD7A200000F2156 = {
						CreatedOnToolsVersion = 15.3;
					};
					843959242BD7A201000F2156 = {
						CreatedOnToolsVersion = 15.3;
						TestTargetID = 843959142BD7A200000F2156;
					};
					8439592E2BD7A201000F2156 = {
						CreatedOnToolsVersion = 15.3;
						TestTargetID = 843959142BD7A200000F2156;
					};
				};
			};
			buildConfigurationList = 843959102BD7A200000F2156 /* Build configuration list for PBXProject "HMS_Main" */;
			compatibilityVersion = "Xcode 14.0";
			developmentRegion = en;
			hasScannedForEncodings = 0;
			knownRegions = (
				en,
				Base,
			);
			mainGroup = 8439590C2BD7A200000F2156;
			productRefGroup = 843959162BD7A200000F2156 /* Products */;
			projectDirPath = "";
			projectRoot = "";
			targets = (
				843959142BD7A200000F2156 /* HMS_Main */,
				843959242BD7A201000F2156 /* HMS_MainTests */,
				8439592E2BD7A201000F2156 /* HMS_MainUITests */,
			);
		};
/* End PBXProject section */

/* Begin PBXResourcesBuildPhase section */
		843959132BD7A200000F2156 /* Resources */ = {
			isa = PBXResourcesBuildPhase;
			buildActionMask = 2147483647;
			files = (
				843959202BD7A200000F2156 /* Preview Assets.xcassets in Resources */,
				8439591D2BD7A200000F2156 /* Assets.xcassets in Resources */,
			);
			runOnlyForDeploymentPostprocessing = 0;
		};
		843959232BD7A201000F2156 /* Resources */ = {
			isa = PBXResourcesBuildPhase;
			buildActionMask = 2147483647;
			files = (
			);
			runOnlyForDeploymentPostprocessing = 0;
		};
		8439592D2BD7A201000F2156 /* Resources */ = {
			isa = PBXResourcesBuildPhase;
			buildActionMask = 2147483647;
			files = (
			);
			runOnlyForDeploymentPostprocessing = 0;
		};
/* End PBXResourcesBuildPhase section */

/* Begin PBXSourcesBuildPhase section */
		843959112BD7A200000F2156 /* Sources */ = {
			isa = PBXSourcesBuildPhase;
			buildActionMask = 2147483647;
			files = (
				8439591B2BD7A200000F2156 /* ContentView.swift in Sources */,
				843959192BD7A200000F2156 /* HMS_MainApp.swift in Sources */,
			);
			runOnlyForDeploymentPostprocessing = 0;
		};
		843959212BD7A201000F2156 /* Sources */ = {
			isa = PBXSourcesBuildPhase;
			buildActionMask = 2147483647;
			files = (
				8439592A2BD7A201000F2156 /* HMS_MainTests.swift in Sources */,
			);
			runOnlyForDeploymentPostprocessing = 0;
		};
		8439592B2BD7A201000F2156 /* Sources */ = {
			isa = PBXSourcesBuildPhase;
			buildActionMask = 2147483647;
			files = (
				843959362BD7A201000F2156 /* HMS_MainUITestsLaunchTests.swift in Sources */,
				843959342BD7A201000F2156 /* HMS_MainUITests.swift in Sources */,
			);
			runOnlyForDeploymentPostprocessing = 0;
		};
/* End PBXSourcesBuildPhase section */

/* Begin PBXTargetDependency section */
		843959272BD7A201000F2156 /* PBXTargetDependency */ = {
			isa = PBXTargetDependency;
			target = 843959142BD7A200000F2156 /* HMS_Main */;
			targetProxy = 843959262BD7A201000F2156 /* PBXContainerItemProxy */;
		};
		843959312BD7A201000F2156 /* PBXTargetDependency */ = {
			isa = PBXTargetDependency;
			target = 843959142BD7A200000F2156 /* HMS_Main */;
			targetProxy = 843959302BD7A201000F2156 /* PBXContainerItemProxy */;
		};
/* End PBXTargetDependency section */

/* Begin XCBuildConfiguration section */
		843959372BD7A201000F2156 /* Debug */ = {
			isa = XCBuildConfiguration;
			buildSettings = {
				ALWAYS_SEARCH_USER_PATHS = NO;
				ASSETCATALOG_COMPILER_GENERATE_SWIFT_ASSET_SYMBOL_EXTENSIONS = YES;
				CLANG_ANALYZER_NONNULL = YES;
				CLANG_ANALYZER_NUMBER_OBJECT_CONVERSION = YES_AGGRESSIVE;
				CLANG_CXX_LANGUAGE_STANDARD = "gnu++20";
				CLANG_ENABLE_MODULES = YES;
				CLANG_ENABLE_OBJC_ARC = YES;
				CLANG_ENABLE_OBJC_WEAK = YES;
				CLANG_WARN_BLOCK_CAPTURE_AUTORELEASING = YES;
				CLANG_WARN_BOOL_CONVERSION = YES;
				CLANG_WARN_COMMA = YES;
				CLANG_WARN_CONSTANT_CONVERSION = YES;
				CLANG_WARN_DEPRECATED_OBJC_IMPLEMENTATIONS = YES;
				CLANG_WARN_DIRECT_OBJC_ISA_USAGE = YES_ERROR;
				CLANG_WARN_DOCUMENTATION_COMMENTS = YES;
				CLANG_WARN_EMPTY_BODY = YES;
				CLANG_WARN_ENUM_CONVERSION = YES;
				CLANG_WARN_INFINITE_RECURSION = YES;
				CLANG_WARN_INT_CONVERSION = YES;
				CLANG_WARN_NON_LITERAL_NULL_CONVERSION = YES;
				CLANG_WARN_OBJC_IMPLICIT_RETAIN_SELF = YES;
				CLANG_WARN_OBJC_LITERAL_CONVERSION = YES;
				CLANG_WARN_OBJC_ROOT_CLASS = YES_ERROR;
				CLANG_WARN_QUOTED_INCLUDE_IN_FRAMEWORK_HEADER = YES;
				CLANG_WARN_RANGE_LOOP_ANALYSIS = YES;
				CLANG_WARN_STRICT_PROTOTYPES = YES;
				CLANG_WARN_SUSPICIOUS_MOVE = YES;
				CLANG_WARN_UNGUARDED_AVAILABILITY = YES_AGGRESSIVE;
				CLANG_WARN_UNREACHABLE_CODE = YES;
				CLANG_WARN__DUPLICATE_METHOD_MATCH = YES;
				COPY_PHASE_STRIP = NO;
				DEBUG_INFORMATION_FORMAT = dwarf;
				ENABLE_STRICT_OBJC_MSGSEND = YES;
				ENABLE_TESTABILITY = YES;
				ENABLE_USER_SCRIPT_SANDBOXING = YES;
				GCC_C_LANGUAGE_STANDARD = gnu17;
				GCC_DYNAMIC_NO_PIC = NO;
				GCC_NO_COMMON_BLOCKS = YES;
				GCC_OPTIMIZATION_LEVEL = 0;
				GCC_PREPROCESSOR_DEFINITIONS = (
					"DEBUG=1",
					"$(inherited)",
				);
				GCC_WARN_64_TO_32_BIT_CONVERSION = YES;
				GCC_WARN_ABOUT_RETURN_TYPE = YES_ERROR;
				GCC_WARN_UNDECLARED_SELECTOR = YES;
				GCC_WARN_UNINITIALIZED_AUTOS = YES_AGGRESSIVE;
				GCC_WARN_UNUSED_FUNCTION = YES;
				GCC_WARN_UNUSED_VARIABLE = YES;
				IPHONEOS_DEPLOYMENT_TARGET = 17.4;
				LOCALIZATION_PREFERS_STRING_CATALOGS = YES;
				MTL_ENABLE_DEBUG_INFO = INCLUDE_SOURCE;
				MTL_FAST_MATH = YES;
				ONLY_ACTIVE_ARCH = YES;
				SDKROOT = iphoneos;
				SWIFT_ACTIVE_COMPILATION_CONDITIONS = "DEBUG $(inherited)";
				SWIFT_OPTIMIZATION_LEVEL = "-Onone";
			};
			name = Debug;
		};
		843959382BD7A201000F2156 /* Release */ = {
			isa = XCBuildConfiguration;
			buildSettings = {
				ALWAYS_SEARCH_USER_PATHS = NO;
				ASSETCATALOG_COMPILER_GENERATE_SWIFT_ASSET_SYMBOL_EXTENSIONS = YES;
				CLANG_ANALYZER_NONNULL = YES;
				CLANG_ANALYZER_NUMBER_OBJECT_CONVERSION = YES_AGGRESSIVE;
				CLANG_CXX_LANGUAGE_STANDARD = "gnu++20";
				CLANG_ENABLE_MODULES = YES;
				CLANG_ENABLE_OBJC_ARC = YES;
				CLANG_ENABLE_OBJC_WEAK = YES;
				CLANG_WARN_BLOCK_CAPTURE_AUTORELEASING = YES;
				CLANG_WARN_BOOL_CONVERSION = YES;
				CLANG_WARN_COMMA = YES;
				CLANG_WARN_CONSTANT_CONVERSION = YES;
				CLANG_WARN_DEPRECATED_OBJC_IMPLEMENTATIONS = YES;
				CLANG_WARN_DIRECT_OBJC_ISA_USAGE = YES_ERROR;
				CLANG_WARN_DOCUMENTATION_COMMENTS = YES;
				CLANG_WARN_EMPTY_BODY = YES;
				CLANG_WARN_ENUM_CONVERSION = YES;
				CLANG_WARN_INFINITE_RECURSION = YES;
				CLANG_WARN_INT_CONVERSION = YES;
				CLANG_WARN_NON_LITERAL_NULL_CONVERSION = YES;
				CLANG_WARN_OBJC_IMPLICIT_RETAIN_SELF = YES;
				CLANG_WARN_OBJC_LITERAL_CONVERSION = YES;
				CLANG_WARN_OBJC_ROOT_CLASS = YES_ERROR;
				CLANG_WARN_QUOTED_INCLUDE_IN_FRAMEWORK_HEADER = YES;
				CLANG_WARN_RANGE_LOOP_ANALYSIS = YES;
				CLANG_WARN_STRICT_PROTOTYPES = YES;
				CLANG_WARN_SUSPICIOUS_MOVE = YES;
				CLANG_WARN_UNGUARDED_AVAILABILITY = YES_AGGRESSIVE;
				CLANG_WARN_UNREACHABLE_CODE = YES;
				CLANG_WARN__DUPLICATE_METHOD_MATCH = YES;
				COPY_PHASE_STRIP = NO;
				DEBUG_INFORMATION_FORMAT = "dwarf-with-dsym";
				ENABLE_NS_ASSERTIONS = NO;
				ENABLE_STRICT_OBJC_MSGSEND = YES;
				ENABLE_USER_SCRIPT_SANDBOXING = YES;
				GCC_C_LANGUAGE_STANDARD = gnu17;
				GCC_NO_COMMON_BLOCKS = YES;
				GCC_WARN_64_TO_32_BIT_CONVERSION = YES;
				GCC_WARN_ABOUT_RETURN_TYPE = YES_ERROR;
				GCC_WARN_UNDECLARED_SELECTOR = YES;
				GCC_WARN_UNINITIALIZED_AUTOS = YES_AGGRESSIVE;
				GCC_WARN_UNUSED_FUNCTION = YES;
				GCC_WARN_UNUSED_VARIABLE = YES;
				IPHONEOS_DEPLOYMENT_TARGET = 17.4;
				LOCALIZATION_PREFERS_STRING_CATALOGS = YES;
				MTL_ENABLE_DEBUG_INFO = NO;
				MTL_FAST_MATH = YES;
				SDKROOT = iphoneos;
				SWIFT_COMPILATION_MODE = wholemodule;
				VALIDATE_PRODUCT = YES;
			};
			name = Release;
		};
		8439593A2BD7A201000F2156 /* Debug */ = {
			isa = XCBuildConfiguration;
			buildSettings = {
				ASSETCATALOG_COMPILER_APPICON_NAME = AppIcon;
				ASSETCATALOG_COMPILER_GLOBAL_ACCENT_COLOR_NAME = AccentColor;
				CODE_SIGN_STYLE = Automatic;
				CURRENT_PROJECT_VERSION = 1;
				DEVELOPMENT_ASSET_PATHS = "\"HMS_Main/Preview Content\"";
				ENABLE_PREVIEWS = YES;
				GENERATE_INFOPLIST_FILE = YES;
				INFOPLIST_KEY_UIApplicationSceneManifest_Generation = YES;
				INFOPLIST_KEY_UIApplicationSupportsIndirectInputEvents = YES;
				INFOPLIST_KEY_UILaunchScreen_Generation = YES;
				INFOPLIST_KEY_UISupportedInterfaceOrientations_iPad = "UIInterfaceOrientationPortrait UIInterfaceOrientationPortraitUpsideDown UIInterfaceOrientationLandscapeLeft UIInterfaceOrientationLandscapeRight";
				INFOPLIST_KEY_UISupportedInterfaceOrientations_iPhone = "UIInterfaceOrientationPortrait UIInterfaceOrientationLandscapeLeft UIInterfaceOrientationLandscapeRight";
				LD_RUNPATH_SEARCH_PATHS = (
					"$(inherited)",
					"@executable_path/Frameworks",
				);
				MARKETING_VERSION = 1.0;
				PRODUCT_BUNDLE_IDENTIFIER = "infosys.HMS-Main";
				PRODUCT_NAME = "$(TARGET_NAME)";
				SWIFT_EMIT_LOC_STRINGS = YES;
				SWIFT_VERSION = 5.0;
				TARGETED_DEVICE_FAMILY = "1,2";
			};
			name = Debug;
		};
		8439593B2BD7A201000F2156 /* Release */ = {
			isa = XCBuildConfiguration;
			buildSettings = {
				ASSETCATALOG_COMPILER_APPICON_NAME = AppIcon;
				ASSETCATALOG_COMPILER_GLOBAL_ACCENT_COLOR_NAME = AccentColor;
				CODE_SIGN_STYLE = Automatic;
				CURRENT_PROJECT_VERSION = 1;
				DEVELOPMENT_ASSET_PATHS = "\"HMS_Main/Preview Content\"";
				ENABLE_PREVIEWS = YES;
				GENERATE_INFOPLIST_FILE = YES;
				INFOPLIST_KEY_UIApplicationSceneManifest_Generation = YES;
				INFOPLIST_KEY_UIApplicationSupportsIndirectInputEvents = YES;
				INFOPLIST_KEY_UILaunchScreen_Generation = YES;
				INFOPLIST_KEY_UISupportedInterfaceOrientations_iPad = "UIInterfaceOrientationPortrait UIInterfaceOrientationPortraitUpsideDown UIInterfaceOrientationLandscapeLeft UIInterfaceOrientationLandscapeRight";
				INFOPLIST_KEY_UISupportedInterfaceOrientations_iPhone = "UIInterfaceOrientationPortrait UIInterfaceOrientationLandscapeLeft UIInterfaceOrientationLandscapeRight";
				LD_RUNPATH_SEARCH_PATHS = (
					"$(inherited)",
					"@executable_path/Frameworks",
				);
				MARKETING_VERSION = 1.0;
				PRODUCT_BUNDLE_IDENTIFIER = "infosys.HMS-Main";
				PRODUCT_NAME = "$(TARGET_NAME)";
				SWIFT_EMIT_LOC_STRINGS = YES;
				SWIFT_VERSION = 5.0;
				TARGETED_DEVICE_FAMILY = "1,2";
			};
			name = Release;
		};
		8439593D2BD7A201000F2156 /* Debug */ = {
			isa = XCBuildConfiguration;
			buildSettings = {
				ALWAYS_EMBED_SWIFT_STANDARD_LIBRARIES = YES;
				BUNDLE_LOADER = "$(TEST_HOST)";
				CODE_SIGN_STYLE = Automatic;
				CURRENT_PROJECT_VERSION = 1;
				GENERATE_INFOPLIST_FILE = YES;
				IPHONEOS_DEPLOYMENT_TARGET = 17.4;
				MARKETING_VERSION = 1.0;
				PRODUCT_BUNDLE_IDENTIFIER = "infosys.HMS-MainTests";
				PRODUCT_NAME = "$(TARGET_NAME)";
				SWIFT_EMIT_LOC_STRINGS = NO;
				SWIFT_VERSION = 5.0;
				TARGETED_DEVICE_FAMILY = "1,2";
				TEST_HOST = "$(BUILT_PRODUCTS_DIR)/HMS_Main.app/$(BUNDLE_EXECUTABLE_FOLDER_PATH)/HMS_Main";
			};
			name = Debug;
		};
		8439593E2BD7A201000F2156 /* Release */ = {
			isa = XCBuildConfiguration;
			buildSettings = {
				ALWAYS_EMBED_SWIFT_STANDARD_LIBRARIES = YES;
				BUNDLE_LOADER = "$(TEST_HOST)";
				CODE_SIGN_STYLE = Automatic;
				CURRENT_PROJECT_VERSION = 1;
				GENERATE_INFOPLIST_FILE = YES;
				IPHONEOS_DEPLOYMENT_TARGET = 17.4;
				MARKETING_VERSION = 1.0;
				PRODUCT_BUNDLE_IDENTIFIER = "infosys.HMS-MainTests";
				PRODUCT_NAME = "$(TARGET_NAME)";
				SWIFT_EMIT_LOC_STRINGS = NO;
				SWIFT_VERSION = 5.0;
				TARGETED_DEVICE_FAMILY = "1,2";
				TEST_HOST = "$(BUILT_PRODUCTS_DIR)/HMS_Main.app/$(BUNDLE_EXECUTABLE_FOLDER_PATH)/HMS_Main";
			};
			name = Release;
		};
		843959402BD7A201000F2156 /* Debug */ = {
			isa = XCBuildConfiguration;
			buildSettings = {
				ALWAYS_EMBED_SWIFT_STANDARD_LIBRARIES = YES;
				CODE_SIGN_STYLE = Automatic;
				CURRENT_PROJECT_VERSION = 1;
				GENERATE_INFOPLIST_FILE = YES;
				MARKETING_VERSION = 1.0;
				PRODUCT_BUNDLE_IDENTIFIER = "infosys.HMS-MainUITests";
				PRODUCT_NAME = "$(TARGET_NAME)";
				SWIFT_EMIT_LOC_STRINGS = NO;
				SWIFT_VERSION = 5.0;
				TARGETED_DEVICE_FAMILY = "1,2";
				TEST_TARGET_NAME = HMS_Main;
			};
			name = Debug;
		};
		843959412BD7A201000F2156 /* Release */ = {
			isa = XCBuildConfiguration;
			buildSettings = {
				ALWAYS_EMBED_SWIFT_STANDARD_LIBRARIES = YES;
				CODE_SIGN_STYLE = Automatic;
				CURRENT_PROJECT_VERSION = 1;
				GENERATE_INFOPLIST_FILE = YES;
				MARKETING_VERSION = 1.0;
				PRODUCT_BUNDLE_IDENTIFIER = "infosys.HMS-MainUITests";
				PRODUCT_NAME = "$(TARGET_NAME)";
				SWIFT_EMIT_LOC_STRINGS = NO;
				SWIFT_VERSION = 5.0;
				TARGETED_DEVICE_FAMILY = "1,2";
				TEST_TARGET_NAME = HMS_Main;
			};
			name = Release;
		};
/* End XCBuildConfiguration section */

/* Begin XCConfigurationList section */
		843959102BD7A200000F2156 /* Build configuration list for PBXProject "HMS_Main" */ = {
			isa = XCConfigurationList;
			buildConfigurations = (
				843959372BD7A201000F2156 /* Debug */,
				843959382BD7A201000F2156 /* Release */,
			);
			defaultConfigurationIsVisible = 0;
			defaultConfigurationName = Release;
		};
		843959392BD7A201000F2156 /* Build configuration list for PBXNativeTarget "HMS_Main" */ = {
			isa = XCConfigurationList;
			buildConfigurations = (
				8439593A2BD7A201000F2156 /* Debug */,
				8439593B2BD7A201000F2156 /* Release */,
			);
			defaultConfigurationIsVisible = 0;
			defaultConfigurationName = Release;
		};
		8439593C2BD7A201000F2156 /* Build configuration list for PBXNativeTarget "HMS_MainTests" */ = {
			isa = XCConfigurationList;
			buildConfigurations = (
				8439593D2BD7A201000F2156 /* Debug */,
				8439593E2BD7A201000F2156 /* Release */,
			);
			defaultConfigurationIsVisible = 0;
			defaultConfigurationName = Release;
		};
		8439593F2BD7A201000F2156 /* Build configuration list for PBXNativeTarget "HMS_MainUITests" */ = {
			isa = XCConfigurationList;
			buildConfigurations = (
				843959402BD7A201000F2156 /* Debug */,
				843959412BD7A201000F2156 /* Release */,
			);
			defaultConfigurationIsVisible = 0;
			defaultConfigurationName = Release;
		};
/* End XCConfigurationList section */
	};
	rootObject = 8439590D2BD7A200000F2156 /* Project object */;
}
